// !$*UTF8*$!
{
	archiveVersion = 1;
	classes = {
	};
	objectVersion = 50;
	objects = {

/* Begin PBXBuildFile section */
		16241C6C22E878BF006E7F98 /* RiderViewController.swift in Sources */ = {isa = PBXBuildFile; fileRef = 16241C6B22E878BF006E7F98 /* RiderViewController.swift */; };
		1627E09722E8456800475198 /* AppDelegate.swift in Sources */ = {isa = PBXBuildFile; fileRef = 1627E09622E8456800475198 /* AppDelegate.swift */; };
		1627E09922E8456800475198 /* ViewController.swift in Sources */ = {isa = PBXBuildFile; fileRef = 1627E09822E8456800475198 /* ViewController.swift */; };
		1627E09C22E8456800475198 /* Main.storyboard in Resources */ = {isa = PBXBuildFile; fileRef = 1627E09A22E8456800475198 /* Main.storyboard */; };
		1627E09E22E8456900475198 /* Assets.xcassets in Resources */ = {isa = PBXBuildFile; fileRef = 1627E09D22E8456900475198 /* Assets.xcassets */; };
		1627E0A122E8456900475198 /* LaunchScreen.storyboard in Resources */ = {isa = PBXBuildFile; fileRef = 1627E09F22E8456900475198 /* LaunchScreen.storyboard */; };
		1627E0A922E8468400475198 /* GoogleService-Info.plist in Resources */ = {isa = PBXBuildFile; fileRef = 1627E0A822E8468400475198 /* GoogleService-Info.plist */; };
		162B542A22E8FF98006D8E2B /* DriverTableViewController.swift in Sources */ = {isa = PBXBuildFile; fileRef = 162B542922E8FF98006D8E2B /* DriverTableViewController.swift */; };
		162B542C22E91A5D006D8E2B /* AcceptRequestViewController.swift in Sources */ = {isa = PBXBuildFile; fileRef = 162B542B22E91A5D006D8E2B /* AcceptRequestViewController.swift */; };
		280F62F039A4A81183DF26DB /* Pods_UberClone.framework in Frameworks */ = {isa = PBXBuildFile; fileRef = 230CD3C00C90A0099B5F41A8 /* Pods_UberClone.framework */; };
/* End PBXBuildFile section */

/* Begin PBXFileReference section */
		16241C6B22E878BF006E7F98 /* RiderViewController.swift */ = {isa = PBXFileReference; lastKnownFileType = sourcecode.swift; path = RiderViewController.swift; sourceTree = "<group>"; };
		1627E09322E8456800475198 /* UberClone.app */ = {isa = PBXFileReference; explicitFileType = wrapper.application; includeInIndex = 0; path = UberClone.app; sourceTree = BUILT_PRODUCTS_DIR; };
		1627E09622E8456800475198 /* AppDelegate.swift */ = {isa = PBXFileReference; lastKnownFileType = sourcecode.swift; path = AppDelegate.swift; sourceTree = "<group>"; };
		1627E09822E8456800475198 /* ViewController.swift */ = {isa = PBXFileReference; lastKnownFileType = sourcecode.swift; path = ViewController.swift; sourceTree = "<group>"; };
		1627E09B22E8456800475198 /* Base */ = {isa = PBXFileReference; lastKnownFileType = file.storyboard; name = Base; path = Base.lproj/Main.storyboard; sourceTree = "<group>"; };
		1627E09D22E8456900475198 /* Assets.xcassets */ = {isa = PBXFileReference; lastKnownFileType = folder.assetcatalog; path = Assets.xcassets; sourceTree = "<group>"; };
		1627E0A022E8456900475198 /* Base */ = {isa = PBXFileReference; lastKnownFileType = file.storyboard; name = Base; path = Base.lproj/LaunchScreen.storyboard; sourceTree = "<group>"; };
		1627E0A222E8456900475198 /* Info.plist */ = {isa = PBXFileReference; lastKnownFileType = text.plist.xml; path = Info.plist; sourceTree = "<group>"; };
		1627E0A822E8468400475198 /* GoogleService-Info.plist */ = {isa = PBXFileReference; fileEncoding = 4; lastKnownFileType = text.plist.xml; path = "GoogleService-Info.plist"; sourceTree = "<group>"; };
		162B542922E8FF98006D8E2B /* DriverTableViewController.swift */ = {isa = PBXFileReference; lastKnownFileType = sourcecode.swift; path = DriverTableViewController.swift; sourceTree = "<group>"; };
		162B542B22E91A5D006D8E2B /* AcceptRequestViewController.swift */ = {isa = PBXFileReference; lastKnownFileType = sourcecode.swift; path = AcceptRequestViewController.swift; sourceTree = "<group>"; };
		230CD3C00C90A0099B5F41A8 /* Pods_UberClone.framework */ = {isa = PBXFileReference; explicitFileType = wrapper.framework; includeInIndex = 0; path = Pods_UberClone.framework; sourceTree = BUILT_PRODUCTS_DIR; };
		2F8FC8FD97BAEA48C86F4644 /* Pods-UberClone.debug.xcconfig */ = {isa = PBXFileReference; includeInIndex = 1; lastKnownFileType = text.xcconfig; name = "Pods-UberClone.debug.xcconfig"; path = "Pods/Target Support Files/Pods-UberClone/Pods-UberClone.debug.xcconfig"; sourceTree = "<group>"; };
		89BAB18A606CB6A599CDAC53 /* Pods-UberClone.release.xcconfig */ = {isa = PBXFileReference; includeInIndex = 1; lastKnownFileType = text.xcconfig; name = "Pods-UberClone.release.xcconfig"; path = "Pods/Target Support Files/Pods-UberClone/Pods-UberClone.release.xcconfig"; sourceTree = "<group>"; };
/* End PBXFileReference section */

/* Begin PBXFrameworksBuildPhase section */
		1627E09022E8456800475198 /* Frameworks */ = {
			isa = PBXFrameworksBuildPhase;
			buildActionMask = 2147483647;
			files = (
				280F62F039A4A81183DF26DB /* Pods_UberClone.framework in Frameworks */,
			);
			runOnlyForDeploymentPostprocessing = 0;
		};
/* End PBXFrameworksBuildPhase section */

/* Begin PBXGroup section */
		13B87CA69959779086E5B5DC /* Frameworks */ = {
			isa = PBXGroup;
			children = (
				230CD3C00C90A0099B5F41A8 /* Pods_UberClone.framework */,
			);
			name = Frameworks;
			sourceTree = "<group>";
		};
		1627E08A22E8456800475198 = {
			isa = PBXGroup;
			children = (
				1627E09522E8456800475198 /* UberClone */,
				1627E09422E8456800475198 /* Products */,
				7564DF5DD967F54A6BD7D616 /* Pods */,
				13B87CA69959779086E5B5DC /* Frameworks */,
			);
			sourceTree = "<group>";
		};
		1627E09422E8456800475198 /* Products */ = {
			isa = PBXGroup;
			children = (
				1627E09322E8456800475198 /* UberClone.app */,
			);
			name = Products;
			sourceTree = "<group>";
		};
		1627E09522E8456800475198 /* UberClone */ = {
			isa = PBXGroup;
			children = (
				1627E09622E8456800475198 /* AppDelegate.swift */,
				1627E09822E8456800475198 /* ViewController.swift */,
				16241C6B22E878BF006E7F98 /* RiderViewController.swift */,
				1627E09A22E8456800475198 /* Main.storyboard */,
				162B542B22E91A5D006D8E2B /* AcceptRequestViewController.swift */,
				162B542922E8FF98006D8E2B /* DriverTableViewController.swift */,
				1627E0A822E8468400475198 /* GoogleService-Info.plist */,
				1627E09D22E8456900475198 /* Assets.xcassets */,
				1627E09F22E8456900475198 /* LaunchScreen.storyboard */,
				1627E0A222E8456900475198 /* Info.plist */,
			);
			path = UberClone;
			sourceTree = "<group>";
		};
		7564DF5DD967F54A6BD7D616 /* Pods */ = {
			isa = PBXGroup;
			children = (
				2F8FC8FD97BAEA48C86F4644 /* Pods-UberClone.debug.xcconfig */,
				89BAB18A606CB6A599CDAC53 /* Pods-UberClone.release.xcconfig */,
			);
			name = Pods;
			sourceTree = "<group>";
		};
/* End PBXGroup section */

/* Begin PBXNativeTarget section */
		1627E09222E8456800475198 /* UberClone */ = {
			isa = PBXNativeTarget;
			buildConfigurationList = 1627E0A522E8456900475198 /* Build configuration list for PBXNativeTarget "UberClone" */;
			buildPhases = (
				75CBC045721E2D54A4FAB667 /* [CP] Check Pods Manifest.lock */,
				1627E08F22E8456800475198 /* Sources */,
				1627E09022E8456800475198 /* Frameworks */,
				1627E09122E8456800475198 /* Resources */,
				1F1728103C90051F2A168801 /* [CP] Embed Pods Frameworks */,
			);
			buildRules = (
			);
			dependencies = (
			);
			name = UberClone;
			productName = UberClone;
			productReference = 1627E09322E8456800475198 /* UberClone.app */;
			productType = "com.apple.product-type.application";
		};
/* End PBXNativeTarget section */

/* Begin PBXProject section */
		1627E08B22E8456800475198 /* Project object */ = {
			isa = PBXProject;
			attributes = {
				LastSwiftUpdateCheck = 1030;
				LastUpgradeCheck = 1030;
				ORGANIZATIONNAME = "Quang Kha Tran";
				TargetAttributes = {
					1627E09222E8456800475198 = {
						CreatedOnToolsVersion = 10.3;
					};
				};
			};
			buildConfigurationList = 1627E08E22E8456800475198 /* Build configuration list for PBXProject "UberClone" */;
			compatibilityVersion = "Xcode 9.3";
			developmentRegion = en;
			hasScannedForEncodings = 0;
			knownRegions = (
				en,
				Base,
			);
			mainGroup = 1627E08A22E8456800475198;
			productRefGroup = 1627E09422E8456800475198 /* Products */;
			projectDirPath = "";
			projectRoot = "";
			targets = (
				1627E09222E8456800475198 /* UberClone */,
			);
		};
/* End PBXProject section */

/* Begin PBXResourcesBuildPhase section */
		1627E09122E8456800475198 /* Resources */ = {
			isa = PBXResourcesBuildPhase;
			buildActionMask = 2147483647;
			files = (
				1627E0A122E8456900475198 /* LaunchScreen.storyboard in Resources */,
				1627E0A922E8468400475198 /* GoogleService-Info.plist in Resources */,
				1627E09E22E8456900475198 /* Assets.xcassets in Resources */,
				1627E09C22E8456800475198 /* Main.storyboard in Resources */,
			);
			runOnlyForDeploymentPostprocessing = 0;
		};
/* End PBXResourcesBuildPhase section */

/* Begin PBXShellScriptBuildPhase section */
		1F1728103C90051F2A168801 /* [CP] Embed Pods Frameworks */ = {
			isa = PBXShellScriptBuildPhase;
			buildActionMask = 2147483647;
			files = (
			);
			inputPaths = (
				"${SRCROOT}/Pods/Target Support Files/Pods-UberClone/Pods-UberClone-frameworks.sh",
				"${BUILT_PRODUCTS_DIR}/GTMSessionFetcher/GTMSessionFetcher.framework",
				"${BUILT_PRODUCTS_DIR}/GoogleToolboxForMac/GoogleToolboxForMac.framework",
			);
			name = "[CP] Embed Pods Frameworks";
			outputPaths = (
				"${TARGET_BUILD_DIR}/${FRAMEWORKS_FOLDER_PATH}/GTMSessionFetcher.framework",
				"${TARGET_BUILD_DIR}/${FRAMEWORKS_FOLDER_PATH}/GoogleToolboxForMac.framework",
			);
			runOnlyForDeploymentPostprocessing = 0;
			shellPath = /bin/sh;
			shellScript = "\"${SRCROOT}/Pods/Target Support Files/Pods-UberClone/Pods-UberClone-frameworks.sh\"\n";
			showEnvVarsInLog = 0;
		};
		75CBC045721E2D54A4FAB667 /* [CP] Check Pods Manifest.lock */ = {
			isa = PBXShellScriptBuildPhase;
			buildActionMask = 2147483647;
			files = (
			);
			inputPaths = (
				"${PODS_PODFILE_DIR_PATH}/Podfile.lock",
				"${PODS_ROOT}/Manifest.lock",
			);
			name = "[CP] Check Pods Manifest.lock";
			outputPaths = (
				"$(DERIVED_FILE_DIR)/Pods-UberClone-checkManifestLockResult.txt",
			);
			runOnlyForDeploymentPostprocessing = 0;
			shellPath = /bin/sh;
			shellScript = "diff \"${PODS_PODFILE_DIR_PATH}/Podfile.lock\" \"${PODS_ROOT}/Manifest.lock\" > /dev/null\nif [ $? != 0 ] ; then\n    # print error to STDERR\n    echo \"error: The sandbox is not in sync with the Podfile.lock. Run 'pod install' or update your CocoaPods installation.\" >&2\n    exit 1\nfi\n# This output is used by Xcode 'outputs' to avoid re-running this script phase.\necho \"SUCCESS\" > \"${SCRIPT_OUTPUT_FILE_0}\"\n";
			showEnvVarsInLog = 0;
		};
/* End PBXShellScriptBuildPhase section */

/* Begin PBXSourcesBuildPhase section */
		1627E08F22E8456800475198 /* Sources */ = {
			isa = PBXSourcesBuildPhase;
			buildActionMask = 2147483647;
			files = (
				1627E09922E8456800475198 /* ViewController.swift in Sources */,
				162B542A22E8FF98006D8E2B /* DriverTableViewController.swift in Sources */,
				16241C6C22E878BF006E7F98 /* RiderViewController.swift in Sources */,
				1627E09722E8456800475198 /* AppDelegate.swift in Sources */,
				162B542C22E91A5D006D8E2B /* AcceptRequestViewController.swift in Sources */,
			);
			runOnlyForDeploymentPostprocessing = 0;
		};
/* End PBXSourcesBuildPhase section */

/* Begin PBXVariantGroup section */
		1627E09A22E8456800475198 /* Main.storyboard */ = {
			isa = PBXVariantGroup;
			children = (
				1627E09B22E8456800475198 /* Base */,
			);
			name = Main.storyboard;
			sourceTree = "<group>";
		};
		1627E09F22E8456900475198 /* LaunchScreen.storyboard */ = {
			isa = PBXVariantGroup;
			children = (
				1627E0A022E8456900475198 /* Base */,
			);
			name = LaunchScreen.storyboard;
			sourceTree = "<group>";
		};
/* End PBXVariantGroup section */

/* Begin XCBuildConfiguration section */
		1627E0A322E8456900475198 /* Debug */ = {
			isa = XCBuildConfiguration;
			buildSettings = {
				ALWAYS_SEARCH_USER_PATHS = NO;
				CLANG_ANALYZER_NONNULL = YES;
				CLANG_ANALYZER_NUMBER_OBJECT_CONVERSION = YES_AGGRESSIVE;
				CLANG_CXX_LANGUAGE_STANDARD = "gnu++14";
				CLANG_CXX_LIBRARY = "libc++";
				CLANG_ENABLE_MODULES = YES;
				CLANG_ENABLE_OBJC_ARC = YES;
				CLANG_ENABLE_OBJC_WEAK = YES;
				CLANG_WARN_BLOCK_CAPTURE_AUTORELEASING = YES;
				CLANG_WARN_BOOL_CONVERSION = YES;
				CLANG_WARN_COMMA = YES;
				CLANG_WARN_CONSTANT_CONVERSION = YES;
				CLANG_WARN_DEPRECATED_OBJC_IMPLEMENTATIONS = YES;
				CLANG_WARN_DIRECT_OBJC_ISA_USAGE = YES_ERROR;
				CLANG_WARN_DOCUMENTATION_COMMENTS = YES;
				CLANG_WARN_EMPTY_BODY = YES;
				CLANG_WARN_ENUM_CONVERSION = YES;
				CLANG_WARN_INFINITE_RECURSION = YES;
				CLANG_WARN_INT_CONVERSION = YES;
				CLANG_WARN_NON_LITERAL_NULL_CONVERSION = YES;
				CLANG_WARN_OBJC_IMPLICIT_RETAIN_SELF = YES;
				CLANG_WARN_OBJC_LITERAL_CONVERSION = YES;
				CLANG_WARN_OBJC_ROOT_CLASS = YES_ERROR;
				CLANG_WARN_RANGE_LOOP_ANALYSIS = YES;
				CLANG_WARN_STRICT_PROTOTYPES = YES;
				CLANG_WARN_SUSPICIOUS_MOVE = YES;
				CLANG_WARN_UNGUARDED_AVAILABILITY = YES_AGGRESSIVE;
				CLANG_WARN_UNREACHABLE_CODE = YES;
				CLANG_WARN__DUPLICATE_METHOD_MATCH = YES;
				CODE_SIGN_IDENTITY = "iPhone Developer";
				COPY_PHASE_STRIP = NO;
				DEBUG_INFORMATION_FORMAT = dwarf;
				ENABLE_STRICT_OBJC_MSGSEND = YES;
				ENABLE_TESTABILITY = YES;
				GCC_C_LANGUAGE_STANDARD = gnu11;
				GCC_DYNAMIC_NO_PIC = NO;
				GCC_NO_COMMON_BLOCKS = YES;
				GCC_OPTIMIZATION_LEVEL = 0;
				GCC_PREPROCESSOR_DEFINITIONS = (
					"DEBUG=1",
					"$(inherited)",
				);
				GCC_WARN_64_TO_32_BIT_CONVERSION = YES;
				GCC_WARN_ABOUT_RETURN_TYPE = YES_ERROR;
				GCC_WARN_UNDECLARED_SELECTOR = YES;
				GCC_WARN_UNINITIALIZED_AUTOS = YES_AGGRESSIVE;
				GCC_WARN_UNUSED_FUNCTION = YES;
				GCC_WARN_UNUSED_VARIABLE = YES;
				IPHONEOS_DEPLOYMENT_TARGET = 12.4;
				MTL_ENABLE_DEBUG_INFO = INCLUDE_SOURCE;
				MTL_FAST_MATH = YES;
				ONLY_ACTIVE_ARCH = YES;
				SDKROOT = iphoneos;
				SWIFT_ACTIVE_COMPILATION_CONDITIONS = DEBUG;
				SWIFT_OPTIMIZATION_LEVEL = "-Onone";
			};
			name = Debug;
		};
		1627E0A422E8456900475198 /* Release */ = {
			isa = XCBuildConfiguration;
			buildSettings = {
				ALWAYS_SEARCH_USER_PATHS = NO;
				CLANG_ANALYZER_NONNULL = YES;
				CLANG_ANALYZER_NUMBER_OBJECT_CONVERSION = YES_AGGRESSIVE;
				CLANG_CXX_LANGUAGE_STANDARD = "gnu++14";
				CLANG_CXX_LIBRARY = "libc++";
				CLANG_ENABLE_MODULES = YES;
				CLANG_ENABLE_OBJC_ARC = YES;
				CLANG_ENABLE_OBJC_WEAK = YES;
				CLANG_WARN_BLOCK_CAPTURE_AUTORELEASING = YES;
				CLANG_WARN_BOOL_CONVERSION = YES;
				CLANG_WARN_COMMA = YES;
				CLANG_WARN_CONSTANT_CONVERSION = YES;
				CLANG_WARN_DEPRECATED_OBJC_IMPLEMENTATIONS = YES;
				CLANG_WARN_DIRECT_OBJC_ISA_USAGE = YES_ERROR;
				CLANG_WARN_DOCUMENTATION_COMMENTS = YES;
				CLANG_WARN_EMPTY_BODY = YES;
				CLANG_WARN_ENUM_CONVERSION = YES;
				CLANG_WARN_INFINITE_RECURSION = YES;
				CLANG_WARN_INT_CONVERSION = YES;
				CLANG_WARN_NON_LITERAL_NULL_CONVERSION = YES;
				CLANG_WARN_OBJC_IMPLICIT_RETAIN_SELF = YES;
				CLANG_WARN_OBJC_LITERAL_CONVERSION = YES;
				CLANG_WARN_OBJC_ROOT_CLASS = YES_ERROR;
				CLANG_WARN_RANGE_LOOP_ANALYSIS = YES;
				CLANG_WARN_STRICT_PROTOTYPES = YES;
				CLANG_WARN_SUSPICIOUS_MOVE = YES;
				CLANG_WARN_UNGUARDED_AVAILABILITY = YES_AGGRESSIVE;
				CLANG_WARN_UNREACHABLE_CODE = YES;
				CLANG_WARN__DUPLICATE_METHOD_MATCH = YES;
				CODE_SIGN_IDENTITY = "iPhone Developer";
				COPY_PHASE_STRIP = NO;
				DEBUG_INFORMATION_FORMAT = "dwarf-with-dsym";
				ENABLE_NS_ASSERTIONS = NO;
				ENABLE_STRICT_OBJC_MSGSEND = YES;
				GCC_C_LANGUAGE_STANDARD = gnu11;
				GCC_NO_COMMON_BLOCKS = YES;
				GCC_WARN_64_TO_32_BIT_CONVERSION = YES;
				GCC_WARN_ABOUT_RETURN_TYPE = YES_ERROR;
				GCC_WARN_UNDECLARED_SELECTOR = YES;
				GCC_WARN_UNINITIALIZED_AUTOS = YES_AGGRESSIVE;
				GCC_WARN_UNUSED_FUNCTION = YES;
				GCC_WARN_UNUSED_VARIABLE = YES;
				IPHONEOS_DEPLOYMENT_TARGET = 12.4;
				MTL_ENABLE_DEBUG_INFO = NO;
				MTL_FAST_MATH = YES;
				SDKROOT = iphoneos;
				SWIFT_COMPILATION_MODE = wholemodule;
				SWIFT_OPTIMIZATION_LEVEL = "-O";
				VALIDATE_PRODUCT = YES;
			};
			name = Release;
		};
		1627E0A622E8456900475198 /* Debug */ = {
			isa = XCBuildConfiguration;
			baseConfigurationReference = 2F8FC8FD97BAEA48C86F4644 /* Pods-UberClone.debug.xcconfig */;
			buildSettings = {
				ASSETCATALOG_COMPILER_APPICON_NAME = AppIcon;
				CODE_SIGN_STYLE = Automatic;
				DEVELOPMENT_TEAM = D5P256FUPS;
				INFOPLIST_FILE = UberClone/Info.plist;
				LD_RUNPATH_SEARCH_PATHS = (
					"$(inherited)",
					"@executable_path/Frameworks",
				);
				PRODUCT_BUNDLE_IDENTIFIER = com.quangkhatran.UberClone;
				PRODUCT_NAME = "$(TARGET_NAME)";
				SWIFT_VERSION = 5.0;
				TARGETED_DEVICE_FAMILY = "1,2";
			};
			name = Debug;
		};
		1627E0A722E8456900475198 /* Release */ = {
			isa = XCBuildConfiguration;
			baseConfigurationReference = 89BAB18A606CB6A599CDAC53 /* Pods-UberClone.release.xcconfig */;
			buildSettings = {
				ASSETCATALOG_COMPILER_APPICON_NAME = AppIcon;
				CODE_SIGN_STYLE = Automatic;
				DEVELOPMENT_TEAM = D5P256FUPS;
				INFOPLIST_FILE = UberClone/Info.plist;
				LD_RUNPATH_SEARCH_PATHS = (
					"$(inherited)",
					"@executable_path/Frameworks",
				);
				PRODUCT_BUNDLE_IDENTIFIER = com.quangkhatran.UberClone;
				PRODUCT_NAME = "$(TARGET_NAME)";
				SWIFT_VERSION = 5.0;
				TARGETED_DEVICE_FAMILY = "1,2";
			};
			name = Release;
		};
/* End XCBuildConfiguration section */

/* Begin XCConfigurationList section */
		1627E08E22E8456800475198 /* Build configuration list for PBXProject "UberClone" */ = {
			isa = XCConfigurationList;
			buildConfigurations = (
				1627E0A322E8456900475198 /* Debug */,
				1627E0A422E8456900475198 /* Release */,
			);
			defaultConfigurationIsVisible = 0;
			defaultConfigurationName = Release;
		};
		1627E0A522E8456900475198 /* Build configuration list for PBXNativeTarget "UberClone" */ = {
			isa = XCConfigurationList;
			buildConfigurations = (
				1627E0A622E8456900475198 /* Debug */,
				1627E0A722E8456900475198 /* Release */,
			);
			defaultConfigurationIsVisible = 0;
			defaultConfigurationName = Release;
		};
/* End XCConfigurationList section */
	};
	rootObject = 1627E08B22E8456800475198 /* Project object */;
}
