// !$*UTF8*$!
{
	archiveVersion = 1;
	classes = {
	};
	objectVersion = 50;
	objects = {

/* Begin PBXBuildFile section */
		16C2FC8822F0EE8D00A6140D /* StoreKit.framework in Frameworks */ = {isa = PBXBuildFile; fileRef = 16C2FC8722F0EE8D00A6140D /* StoreKit.framework */; };
		16C38C8822F0A5EF00F8AD05 /* AppDelegate.swift in Sources */ = {isa = PBXBuildFile; fileRef = 16C38C8722F0A5EF00F8AD05 /* AppDelegate.swift */; };
		16C38C8A22F0A5EF00F8AD05 /* ViewController.swift in Sources */ = {isa = PBXBuildFile; fileRef = 16C38C8922F0A5EF00F8AD05 /* ViewController.swift */; };
		16C38C8D22F0A5EF00F8AD05 /* Main.storyboard in Resources */ = {isa = PBXBuildFile; fileRef = 16C38C8B22F0A5EF00F8AD05 /* Main.storyboard */; };
		16C38C8F22F0A5F000F8AD05 /* Assets.xcassets in Resources */ = {isa = PBXBuildFile; fileRef = 16C38C8E22F0A5F000F8AD05 /* Assets.xcassets */; };
		16C38C9222F0A5F000F8AD05 /* LaunchScreen.storyboard in Resources */ = {isa = PBXBuildFile; fileRef = 16C38C9022F0A5F000F8AD05 /* LaunchScreen.storyboard */; };
/* End PBXBuildFile section */

/* Begin PBXFileReference section */
		16C2FC8722F0EE8D00A6140D /* StoreKit.framework */ = {isa = PBXFileReference; lastKnownFileType = wrapper.framework; name = StoreKit.framework; path = System/Library/Frameworks/StoreKit.framework; sourceTree = SDKROOT; };
		16C38C8422F0A5EF00F8AD05 /* InAppPurchase.app */ = {isa = PBXFileReference; explicitFileType = wrapper.application; includeInIndex = 0; path = InAppPurchase.app; sourceTree = BUILT_PRODUCTS_DIR; };
		16C38C8722F0A5EF00F8AD05 /* AppDelegate.swift */ = {isa = PBXFileReference; lastKnownFileType = sourcecode.swift; path = AppDelegate.swift; sourceTree = "<group>"; };
		16C38C8922F0A5EF00F8AD05 /* ViewController.swift */ = {isa = PBXFileReference; lastKnownFileType = sourcecode.swift; path = ViewController.swift; sourceTree = "<group>"; };
		16C38C8C22F0A5EF00F8AD05 /* Base */ = {isa = PBXFileReference; lastKnownFileType = file.storyboard; name = Base; path = Base.lproj/Main.storyboard; sourceTree = "<group>"; };
		16C38C8E22F0A5F000F8AD05 /* Assets.xcassets */ = {isa = PBXFileReference; lastKnownFileType = folder.assetcatalog; path = Assets.xcassets; sourceTree = "<group>"; };
		16C38C9122F0A5F000F8AD05 /* Base */ = {isa = PBXFileReference; lastKnownFileType = file.storyboard; name = Base; path = Base.lproj/LaunchScreen.storyboard; sourceTree = "<group>"; };
		16C38C9322F0A5F000F8AD05 /* Info.plist */ = {isa = PBXFileReference; lastKnownFileType = text.plist.xml; path = Info.plist; sourceTree = "<group>"; };
/* End PBXFileReference section */

/* Begin PBXFrameworksBuildPhase section */
		16C38C8122F0A5EF00F8AD05 /* Frameworks */ = {
			isa = PBXFrameworksBuildPhase;
			buildActionMask = 2147483647;
			files = (
				16C2FC8822F0EE8D00A6140D /* StoreKit.framework in Frameworks */,
			);
			runOnlyForDeploymentPostprocessing = 0;
		};
/* End PBXFrameworksBuildPhase section */

/* Begin PBXGroup section */
		16C2FC8622F0EE8C00A6140D /* Frameworks */ = {
			isa = PBXGroup;
			children = (
				16C2FC8722F0EE8D00A6140D /* StoreKit.framework */,
			);
			name = Frameworks;
			sourceTree = "<group>";
		};
		16C38C7B22F0A5EF00F8AD05 = {
			isa = PBXGroup;
			children = (
				16C38C8622F0A5EF00F8AD05 /* InAppPurchase */,
				16C38C8522F0A5EF00F8AD05 /* Products */,
				16C2FC8622F0EE8C00A6140D /* Frameworks */,
			);
			sourceTree = "<group>";
		};
		16C38C8522F0A5EF00F8AD05 /* Products */ = {
			isa = PBXGroup;
			children = (
				16C38C8422F0A5EF00F8AD05 /* InAppPurchase.app */,
			);
			name = Products;
			sourceTree = "<group>";
		};
		16C38C8622F0A5EF00F8AD05 /* InAppPurchase */ = {
			isa = PBXGroup;
			children = (
				16C38C8722F0A5EF00F8AD05 /* AppDelegate.swift */,
				16C38C8922F0A5EF00F8AD05 /* ViewController.swift */,
				16C38C8B22F0A5EF00F8AD05 /* Main.storyboard */,
				16C38C8E22F0A5F000F8AD05 /* Assets.xcassets */,
				16C38C9022F0A5F000F8AD05 /* LaunchScreen.storyboard */,
				16C38C9322F0A5F000F8AD05 /* Info.plist */,
			);
			path = InAppPurchase;
			sourceTree = "<group>";
		};
/* End PBXGroup section */

/* Begin PBXNativeTarget section */
		16C38C8322F0A5EF00F8AD05 /* InAppPurchase */ = {
			isa = PBXNativeTarget;
			buildConfigurationList = 16C38C9622F0A5F000F8AD05 /* Build configuration list for PBXNativeTarget "InAppPurchase" */;
			buildPhases = (
				16C38C8022F0A5EF00F8AD05 /* Sources */,
				16C38C8122F0A5EF00F8AD05 /* Frameworks */,
				16C38C8222F0A5EF00F8AD05 /* Resources */,
			);
			buildRules = (
			);
			dependencies = (
			);
			name = InAppPurchase;
			productName = InAppPurchase;
			productReference = 16C38C8422F0A5EF00F8AD05 /* InAppPurchase.app */;
			productType = "com.apple.product-type.application";
		};
/* End PBXNativeTarget section */

/* Begin PBXProject section */
		16C38C7C22F0A5EF00F8AD05 /* Project object */ = {
			isa = PBXProject;
			attributes = {
				LastSwiftUpdateCheck = 1030;
				LastUpgradeCheck = 1030;
				ORGANIZATIONNAME = "Quang Kha Tran";
				TargetAttributes = {
					16C38C8322F0A5EF00F8AD05 = {
						CreatedOnToolsVersion = 10.3;
						SystemCapabilities = {
							com.apple.InAppPurchase = {
								enabled = 1;
							};
						};
					};
				};
			};
			buildConfigurationList = 16C38C7F22F0A5EF00F8AD05 /* Build configuration list for PBXProject "InAppPurchase" */;
			compatibilityVersion = "Xcode 9.3";
			developmentRegion = en;
			hasScannedForEncodings = 0;
			knownRegions = (
				en,
				Base,
			);
			mainGroup = 16C38C7B22F0A5EF00F8AD05;
			productRefGroup = 16C38C8522F0A5EF00F8AD05 /* Products */;
			projectDirPath = "";
			projectRoot = "";
			targets = (
				16C38C8322F0A5EF00F8AD05 /* InAppPurchase */,
			);
		};
/* End PBXProject section */

/* Begin PBXResourcesBuildPhase section */
		16C38C8222F0A5EF00F8AD05 /* Resources */ = {
			isa = PBXResourcesBuildPhase;
			buildActionMask = 2147483647;
			files = (
				16C38C9222F0A5F000F8AD05 /* LaunchScreen.storyboard in Resources */,
				16C38C8F22F0A5F000F8AD05 /* Assets.xcassets in Resources */,
				16C38C8D22F0A5EF00F8AD05 /* Main.storyboard in Resources */,
			);
			runOnlyForDeploymentPostprocessing = 0;
		};
/* End PBXResourcesBuildPhase section */

/* Begin PBXSourcesBuildPhase section */
		16C38C8022F0A5EF00F8AD05 /* Sources */ = {
			isa = PBXSourcesBuildPhase;
			buildActionMask = 2147483647;
			files = (
				16C38C8A22F0A5EF00F8AD05 /* ViewController.swift in Sources */,
				16C38C8822F0A5EF00F8AD05 /* AppDelegate.swift in Sources */,
			);
			runOnlyForDeploymentPostprocessing = 0;
		};
/* End PBXSourcesBuildPhase section */

/* Begin PBXVariantGroup section */
		16C38C8B22F0A5EF00F8AD05 /* Main.storyboard */ = {
			isa = PBXVariantGroup;
			children = (
				16C38C8C22F0A5EF00F8AD05 /* Base */,
			);
			name = Main.storyboard;
			sourceTree = "<group>";
		};
		16C38C9022F0A5F000F8AD05 /* LaunchScreen.storyboard */ = {
			isa = PBXVariantGroup;
			children = (
				16C38C9122F0A5F000F8AD05 /* Base */,
			);
			name = LaunchScreen.storyboard;
			sourceTree = "<group>";
		};
/* End PBXVariantGroup section */

/* Begin XCBuildConfiguration section */
		16C38C9422F0A5F000F8AD05 /* Debug */ = {
			isa = XCBuildConfiguration;
			buildSettings = {
				ALWAYS_SEARCH_USER_PATHS = NO;
				CLANG_ANALYZER_NONNULL = YES;
				CLANG_ANALYZER_NUMBER_OBJECT_CONVERSION = YES_AGGRESSIVE;
				CLANG_CXX_LANGUAGE_STANDARD = "gnu++14";
				CLANG_CXX_LIBRARY = "libc++";
				CLANG_ENABLE_MODULES = YES;
				CLANG_ENABLE_OBJC_ARC = YES;
				CLANG_ENABLE_OBJC_WEAK = YES;
				CLANG_WARN_BLOCK_CAPTURE_AUTORELEASING = YES;
				CLANG_WARN_BOOL_CONVERSION = YES;
				CLANG_WARN_COMMA = YES;
				CLANG_WARN_CONSTANT_CONVERSION = YES;
				CLANG_WARN_DEPRECATED_OBJC_IMPLEMENTATIONS = YES;
				CLANG_WARN_DIRECT_OBJC_ISA_USAGE = YES_ERROR;
				CLANG_WARN_DOCUMENTATION_COMMENTS = YES;
				CLANG_WARN_EMPTY_BODY = YES;
				CLANG_WARN_ENUM_CONVERSION = YES;
				CLANG_WARN_INFINITE_RECURSION = YES;
				CLANG_WARN_INT_CONVERSION = YES;
				CLANG_WARN_NON_LITERAL_NULL_CONVERSION = YES;
				CLANG_WARN_OBJC_IMPLICIT_RETAIN_SELF = YES;
				CLANG_WARN_OBJC_LITERAL_CONVERSION = YES;
				CLANG_WARN_OBJC_ROOT_CLASS = YES_ERROR;
				CLANG_WARN_RANGE_LOOP_ANALYSIS = YES;
				CLANG_WARN_STRICT_PROTOTYPES = YES;
				CLANG_WARN_SUSPICIOUS_MOVE = YES;
				CLANG_WARN_UNGUARDED_AVAILABILITY = YES_AGGRESSIVE;
				CLANG_WARN_UNREACHABLE_CODE = YES;
				CLANG_WARN__DUPLICATE_METHOD_MATCH = YES;
				CODE_SIGN_IDENTITY = "iPhone Developer";
				COPY_PHASE_STRIP = NO;
				DEBUG_INFORMATION_FORMAT = dwarf;
				ENABLE_STRICT_OBJC_MSGSEND = YES;
				ENABLE_TESTABILITY = YES;
				GCC_C_LANGUAGE_STANDARD = gnu11;
				GCC_DYNAMIC_NO_PIC = NO;
				GCC_NO_COMMON_BLOCKS = YES;
				GCC_OPTIMIZATION_LEVEL = 0;
				GCC_PREPROCESSOR_DEFINITIONS = (
					"DEBUG=1",
					"$(inherited)",
				);
				GCC_WARN_64_TO_32_BIT_CONVERSION = YES;
				GCC_WARN_ABOUT_RETURN_TYPE = YES_ERROR;
				GCC_WARN_UNDECLARED_SELECTOR = YES;
				GCC_WARN_UNINITIALIZED_AUTOS = YES_AGGRESSIVE;
				GCC_WARN_UNUSED_FUNCTION = YES;
				GCC_WARN_UNUSED_VARIABLE = YES;
				IPHONEOS_DEPLOYMENT_TARGET = 12.4;
				MTL_ENABLE_DEBUG_INFO = INCLUDE_SOURCE;
				MTL_FAST_MATH = YES;
				ONLY_ACTIVE_ARCH = YES;
				SDKROOT = iphoneos;
				SWIFT_ACTIVE_COMPILATION_CONDITIONS = DEBUG;
				SWIFT_OPTIMIZATION_LEVEL = "-Onone";
			};
			name = Debug;
		};
		16C38C9522F0A5F000F8AD05 /* Release */ = {
			isa = XCBuildConfiguration;
			buildSettings = {
				ALWAYS_SEARCH_USER_PATHS = NO;
				CLANG_ANALYZER_NONNULL = YES;
				CLANG_ANALYZER_NUMBER_OBJECT_CONVERSION = YES_AGGRESSIVE;
				CLANG_CXX_LANGUAGE_STANDARD = "gnu++14";
				CLANG_CXX_LIBRARY = "libc++";
				CLANG_ENABLE_MODULES = YES;
				CLANG_ENABLE_OBJC_ARC = YES;
				CLANG_ENABLE_OBJC_WEAK = YES;
				CLANG_WARN_BLOCK_CAPTURE_AUTORELEASING = YES;
				CLANG_WARN_BOOL_CONVERSION = YES;
				CLANG_WARN_COMMA = YES;
				CLANG_WARN_CONSTANT_CONVERSION = YES;
				CLANG_WARN_DEPRECATED_OBJC_IMPLEMENTATIONS = YES;
				CLANG_WARN_DIRECT_OBJC_ISA_USAGE = YES_ERROR;
				CLANG_WARN_DOCUMENTATION_COMMENTS = YES;
				CLANG_WARN_EMPTY_BODY = YES;
				CLANG_WARN_ENUM_CONVERSION = YES;
				CLANG_WARN_INFINITE_RECURSION = YES;
				CLANG_WARN_INT_CONVERSION = YES;
				CLANG_WARN_NON_LITERAL_NULL_CONVERSION = YES;
				CLANG_WARN_OBJC_IMPLICIT_RETAIN_SELF = YES;
				CLANG_WARN_OBJC_LITERAL_CONVERSION = YES;
				CLANG_WARN_OBJC_ROOT_CLASS = YES_ERROR;
				CLANG_WARN_RANGE_LOOP_ANALYSIS = YES;
				CLANG_WARN_STRICT_PROTOTYPES = YES;
				CLANG_WARN_SUSPICIOUS_MOVE = YES;
				CLANG_WARN_UNGUARDED_AVAILABILITY = YES_AGGRESSIVE;
				CLANG_WARN_UNREACHABLE_CODE = YES;
				CLANG_WARN__DUPLICATE_METHOD_MATCH = YES;
				CODE_SIGN_IDENTITY = "iPhone Developer";
				COPY_PHASE_STRIP = NO;
				DEBUG_INFORMATION_FORMAT = "dwarf-with-dsym";
				ENABLE_NS_ASSERTIONS = NO;
				ENABLE_STRICT_OBJC_MSGSEND = YES;
				GCC_C_LANGUAGE_STANDARD = gnu11;
				GCC_NO_COMMON_BLOCKS = YES;
				GCC_WARN_64_TO_32_BIT_CONVERSION = YES;
				GCC_WARN_ABOUT_RETURN_TYPE = YES_ERROR;
				GCC_WARN_UNDECLARED_SELECTOR = YES;
				GCC_WARN_UNINITIALIZED_AUTOS = YES_AGGRESSIVE;
				GCC_WARN_UNUSED_FUNCTION = YES;
				GCC_WARN_UNUSED_VARIABLE = YES;
				IPHONEOS_DEPLOYMENT_TARGET = 12.4;
				MTL_ENABLE_DEBUG_INFO = NO;
				MTL_FAST_MATH = YES;
				SDKROOT = iphoneos;
				SWIFT_COMPILATION_MODE = wholemodule;
				SWIFT_OPTIMIZATION_LEVEL = "-O";
				VALIDATE_PRODUCT = YES;
			};
			name = Release;
		};
		16C38C9722F0A5F000F8AD05 /* Debug */ = {
			isa = XCBuildConfiguration;
			buildSettings = {
				ASSETCATALOG_COMPILER_APPICON_NAME = AppIcon;
				CODE_SIGN_STYLE = Automatic;
				DEVELOPMENT_TEAM = D5P256FUPS;
				INFOPLIST_FILE = InAppPurchase/Info.plist;
				LD_RUNPATH_SEARCH_PATHS = (
					"$(inherited)",
					"@executable_path/Frameworks",
				);
				PRODUCT_BUNDLE_IDENTIFIER = com.quangkhatran.InAppPurchase;
				PRODUCT_NAME = "$(TARGET_NAME)";
				SWIFT_VERSION = 5.0;
				TARGETED_DEVICE_FAMILY = "1,2";
			};
			name = Debug;
		};
		16C38C9822F0A5F000F8AD05 /* Release */ = {
			isa = XCBuildConfiguration;
			buildSettings = {
				ASSETCATALOG_COMPILER_APPICON_NAME = AppIcon;
				CODE_SIGN_STYLE = Automatic;
				DEVELOPMENT_TEAM = D5P256FUPS;
				INFOPLIST_FILE = InAppPurchase/Info.plist;
				LD_RUNPATH_SEARCH_PATHS = (
					"$(inherited)",
					"@executable_path/Frameworks",
				);
				PRODUCT_BUNDLE_IDENTIFIER = com.quangkhatran.InAppPurchase;
				PRODUCT_NAME = "$(TARGET_NAME)";
				SWIFT_VERSION = 5.0;
				TARGETED_DEVICE_FAMILY = "1,2";
			};
			name = Release;
		};
/* End XCBuildConfiguration section */

/* Begin XCConfigurationList section */
		16C38C7F22F0A5EF00F8AD05 /* Build configuration list for PBXProject "InAppPurchase" */ = {
			isa = XCConfigurationList;
			buildConfigurations = (
				16C38C9422F0A5F000F8AD05 /* Debug */,
				16C38C9522F0A5F000F8AD05 /* Release */,
			);
			defaultConfigurationIsVisible = 0;
			defaultConfigurationName = Release;
		};
		16C38C9622F0A5F000F8AD05 /* Build configuration list for PBXNativeTarget "InAppPurchase" */ = {
			isa = XCConfigurationList;
			buildConfigurations = (
				16C38C9722F0A5F000F8AD05 /* Debug */,
				16C38C9822F0A5F000F8AD05 /* Release */,
			);
			defaultConfigurationIsVisible = 0;
			defaultConfigurationName = Release;
		};
/* End XCConfigurationList section */
	};
	rootObject = 16C38C7C22F0A5EF00F8AD05 /* Project object */;
}
