PODS:
  - Bolts/Tasks (1.9.0)
  - Parse (1.14.4):
    - Bolts/Tasks (~> 1.8)

DEPENDENCIES:
  - Parse (= 1.14.4)

SPEC REPOS:
  https://github.com/cocoapods/specs.git:
    - Bolts
    - Parse

SPEC CHECKSUMS:
  Bolts: ac6567323eac61e203f6a9763667d0f711be34c8
  Parse: b0aa91d2c435e53d4a9af26e741e014c9b35c42e

PODFILE CHECKSUM: 746734ef8d4d3ead7e4113a0d81a5f920125ae97

COCOAPODS: 1.5.2
