// !$*UTF8*$!
{
	archiveVersion = 1;
	classes = {
	};
	objectVersion = 50;
	objects = {

/* Begin PBXBuildFile section */
		162ED33F22F21B69003D5E7A /* AppDelegate.swift in Sources */ = {isa = PBXBuildFile; fileRef = 162ED33E22F21B69003D5E7A /* AppDelegate.swift */; };
		162ED34122F21B69003D5E7A /* ViewController.swift in Sources */ = {isa = PBXBuildFile; fileRef = 162ED34022F21B69003D5E7A /* ViewController.swift */; };
		162ED34422F21B69003D5E7A /* Main.storyboard in Resources */ = {isa = PBXBuildFile; fileRef = 162ED34222F21B69003D5E7A /* Main.storyboard */; };
		162ED34622F21B69003D5E7A /* Assets.xcassets in Resources */ = {isa = PBXBuildFile; fileRef = 162ED34522F21B69003D5E7A /* Assets.xcassets */; };
		162ED34922F21B69003D5E7A /* LaunchScreen.storyboard in Resources */ = {isa = PBXBuildFile; fileRef = 162ED34722F21B69003D5E7A /* LaunchScreen.storyboard */; };
		162ED35722F21C31003D5E7A /* IntentHandler.swift in Sources */ = {isa = PBXBuildFile; fileRef = 162ED35622F21C31003D5E7A /* IntentHandler.swift */; };
		162ED35B22F21C31003D5E7A /* Listener.appex in Embed App Extensions */ = {isa = PBXBuildFile; fileRef = 162ED35422F21C31003D5E7A /* Listener.appex */; settings = {ATTRIBUTES = (RemoveHeadersOnCopy, ); }; };
/* End PBXBuildFile section */

/* Begin PBXContainerItemProxy section */
		162ED35922F21C31003D5E7A /* PBXContainerItemProxy */ = {
			isa = PBXContainerItemProxy;
			containerPortal = 162ED33322F21B69003D5E7A /* Project object */;
			proxyType = 1;
			remoteGlobalIDString = 162ED35322F21C31003D5E7A;
			remoteInfo = Listener;
		};
/* End PBXContainerItemProxy section */

/* Begin PBXCopyFilesBuildPhase section */
		162ED35F22F21C31003D5E7A /* Embed App Extensions */ = {
			isa = PBXCopyFilesBuildPhase;
			buildActionMask = 2147483647;
			dstPath = "";
			dstSubfolderSpec = 13;
			files = (
				162ED35B22F21C31003D5E7A /* Listener.appex in Embed App Extensions */,
			);
			name = "Embed App Extensions";
			runOnlyForDeploymentPostprocessing = 0;
		};
/* End PBXCopyFilesBuildPhase section */

/* Begin PBXFileReference section */
		162ED33B22F21B69003D5E7A /* Robot.app */ = {isa = PBXFileReference; explicitFileType = wrapper.application; includeInIndex = 0; path = Robot.app; sourceTree = BUILT_PRODUCTS_DIR; };
		162ED33E22F21B69003D5E7A /* AppDelegate.swift */ = {isa = PBXFileReference; lastKnownFileType = sourcecode.swift; path = AppDelegate.swift; sourceTree = "<group>"; };
		162ED34022F21B69003D5E7A /* ViewController.swift */ = {isa = PBXFileReference; lastKnownFileType = sourcecode.swift; path = ViewController.swift; sourceTree = "<group>"; };
		162ED34322F21B69003D5E7A /* Base */ = {isa = PBXFileReference; lastKnownFileType = file.storyboard; name = Base; path = Base.lproj/Main.storyboard; sourceTree = "<group>"; };
		162ED34522F21B69003D5E7A /* Assets.xcassets */ = {isa = PBXFileReference; lastKnownFileType = folder.assetcatalog; path = Assets.xcassets; sourceTree = "<group>"; };
		162ED34822F21B69003D5E7A /* Base */ = {isa = PBXFileReference; lastKnownFileType = file.storyboard; name = Base; path = Base.lproj/LaunchScreen.storyboard; sourceTree = "<group>"; };
		162ED34A22F21B69003D5E7A /* Info.plist */ = {isa = PBXFileReference; lastKnownFileType = text.plist.xml; path = Info.plist; sourceTree = "<group>"; };
		162ED35422F21C31003D5E7A /* Listener.appex */ = {isa = PBXFileReference; explicitFileType = "wrapper.app-extension"; includeInIndex = 0; path = Listener.appex; sourceTree = BUILT_PRODUCTS_DIR; };
		162ED35622F21C31003D5E7A /* IntentHandler.swift */ = {isa = PBXFileReference; lastKnownFileType = sourcecode.swift; path = IntentHandler.swift; sourceTree = "<group>"; };
		162ED35822F21C31003D5E7A /* Info.plist */ = {isa = PBXFileReference; lastKnownFileType = text.plist.xml; path = Info.plist; sourceTree = "<group>"; };
		162ED36022F21C84003D5E7A /* Robot.entitlements */ = {isa = PBXFileReference; lastKnownFileType = text.plist.entitlements; path = Robot.entitlements; sourceTree = "<group>"; };
/* End PBXFileReference section */

/* Begin PBXFrameworksBuildPhase section */
		162ED33822F21B69003D5E7A /* Frameworks */ = {
			isa = PBXFrameworksBuildPhase;
			buildActionMask = 2147483647;
			files = (
			);
			runOnlyForDeploymentPostprocessing = 0;
		};
		162ED35122F21C31003D5E7A /* Frameworks */ = {
			isa = PBXFrameworksBuildPhase;
			buildActionMask = 2147483647;
			files = (
			);
			runOnlyForDeploymentPostprocessing = 0;
		};
/* End PBXFrameworksBuildPhase section */

/* Begin PBXGroup section */
		162ED33222F21B69003D5E7A = {
			isa = PBXGroup;
			children = (
				162ED33D22F21B69003D5E7A /* Robot */,
				162ED35522F21C31003D5E7A /* Listener */,
				162ED33C22F21B69003D5E7A /* Products */,
			);
			sourceTree = "<group>";
		};
		162ED33C22F21B69003D5E7A /* Products */ = {
			isa = PBXGroup;
			children = (
				162ED33B22F21B69003D5E7A /* Robot.app */,
				162ED35422F21C31003D5E7A /* Listener.appex */,
			);
			name = Products;
			sourceTree = "<group>";
		};
		162ED33D22F21B69003D5E7A /* Robot */ = {
			isa = PBXGroup;
			children = (
				162ED36022F21C84003D5E7A /* Robot.entitlements */,
				162ED33E22F21B69003D5E7A /* AppDelegate.swift */,
				162ED34022F21B69003D5E7A /* ViewController.swift */,
				162ED34222F21B69003D5E7A /* Main.storyboard */,
				162ED34522F21B69003D5E7A /* Assets.xcassets */,
				162ED34722F21B69003D5E7A /* LaunchScreen.storyboard */,
				162ED34A22F21B69003D5E7A /* Info.plist */,
			);
			path = Robot;
			sourceTree = "<group>";
		};
		162ED35522F21C31003D5E7A /* Listener */ = {
			isa = PBXGroup;
			children = (
				162ED35622F21C31003D5E7A /* IntentHandler.swift */,
				162ED35822F21C31003D5E7A /* Info.plist */,
			);
			path = Listener;
			sourceTree = "<group>";
		};
/* End PBXGroup section */

/* Begin PBXNativeTarget section */
		162ED33A22F21B69003D5E7A /* Robot */ = {
			isa = PBXNativeTarget;
			buildConfigurationList = 162ED34D22F21B69003D5E7A /* Build configuration list for PBXNativeTarget "Robot" */;
			buildPhases = (
				162ED33722F21B69003D5E7A /* Sources */,
				162ED33822F21B69003D5E7A /* Frameworks */,
				162ED33922F21B69003D5E7A /* Resources */,
				162ED35F22F21C31003D5E7A /* Embed App Extensions */,
			);
			buildRules = (
			);
			dependencies = (
				162ED35A22F21C31003D5E7A /* PBXTargetDependency */,
			);
			name = Robot;
			productName = Robot;
			productReference = 162ED33B22F21B69003D5E7A /* Robot.app */;
			productType = "com.apple.product-type.application";
		};
		162ED35322F21C31003D5E7A /* Listener */ = {
			isa = PBXNativeTarget;
			buildConfigurationList = 162ED35C22F21C31003D5E7A /* Build configuration list for PBXNativeTarget "Listener" */;
			buildPhases = (
				162ED35022F21C31003D5E7A /* Sources */,
				162ED35122F21C31003D5E7A /* Frameworks */,
				162ED35222F21C31003D5E7A /* Resources */,
			);
			buildRules = (
			);
			dependencies = (
			);
			name = Listener;
			productName = Listener;
			productReference = 162ED35422F21C31003D5E7A /* Listener.appex */;
			productType = "com.apple.product-type.app-extension";
		};
/* End PBXNativeTarget section */

/* Begin PBXProject section */
		162ED33322F21B69003D5E7A /* Project object */ = {
			isa = PBXProject;
			attributes = {
				LastSwiftUpdateCheck = 1030;
				LastUpgradeCheck = 1030;
				ORGANIZATIONNAME = "Quang Kha Tran";
				TargetAttributes = {
					162ED33A22F21B69003D5E7A = {
						CreatedOnToolsVersion = 10.3;
						SystemCapabilities = {
							com.apple.Siri = {
								enabled = 1;
							};
						};
					};
					162ED35322F21C31003D5E7A = {
						CreatedOnToolsVersion = 10.3;
					};
				};
			};
			buildConfigurationList = 162ED33622F21B69003D5E7A /* Build configuration list for PBXProject "Robot" */;
			compatibilityVersion = "Xcode 9.3";
			developmentRegion = en;
			hasScannedForEncodings = 0;
			knownRegions = (
				en,
				Base,
			);
			mainGroup = 162ED33222F21B69003D5E7A;
			productRefGroup = 162ED33C22F21B69003D5E7A /* Products */;
			projectDirPath = "";
			projectRoot = "";
			targets = (
				162ED33A22F21B69003D5E7A /* Robot */,
				162ED35322F21C31003D5E7A /* Listener */,
			);
		};
/* End PBXProject section */

/* Begin PBXResourcesBuildPhase section */
		162ED33922F21B69003D5E7A /* Resources */ = {
			isa = PBXResourcesBuildPhase;
			buildActionMask = 2147483647;
			files = (
				162ED34922F21B69003D5E7A /* LaunchScreen.storyboard in Resources */,
				162ED34622F21B69003D5E7A /* Assets.xcassets in Resources */,
				162ED34422F21B69003D5E7A /* Main.storyboard in Resources */,
			);
			runOnlyForDeploymentPostprocessing = 0;
		};
		162ED35222F21C31003D5E7A /* Resources */ = {
			isa = PBXResourcesBuildPhase;
			buildActionMask = 2147483647;
			files = (
			);
			runOnlyForDeploymentPostprocessing = 0;
		};
/* End PBXResourcesBuildPhase section */

/* Begin PBXSourcesBuildPhase section */
		162ED33722F21B69003D5E7A /* Sources */ = {
			isa = PBXSourcesBuildPhase;
			buildActionMask = 2147483647;
			files = (
				162ED34122F21B69003D5E7A /* ViewController.swift in Sources */,
				162ED33F22F21B69003D5E7A /* AppDelegate.swift in Sources */,
			);
			runOnlyForDeploymentPostprocessing = 0;
		};
		162ED35022F21C31003D5E7A /* Sources */ = {
			isa = PBXSourcesBuildPhase;
			buildActionMask = 2147483647;
			files = (
				162ED35722F21C31003D5E7A /* IntentHandler.swift in Sources */,
			);
			runOnlyForDeploymentPostprocessing = 0;
		};
/* End PBXSourcesBuildPhase section */

/* Begin PBXTargetDependency section */
		162ED35A22F21C31003D5E7A /* PBXTargetDependency */ = {
			isa = PBXTargetDependency;
			target = 162ED35322F21C31003D5E7A /* Listener */;
			targetProxy = 162ED35922F21C31003D5E7A /* PBXContainerItemProxy */;
		};
/* End PBXTargetDependency section */

/* Begin PBXVariantGroup section */
		162ED34222F21B69003D5E7A /* Main.storyboard */ = {
			isa = PBXVariantGroup;
			children = (
				162ED34322F21B69003D5E7A /* Base */,
			);
			name = Main.storyboard;
			sourceTree = "<group>";
		};
		162ED34722F21B69003D5E7A /* LaunchScreen.storyboard */ = {
			isa = PBXVariantGroup;
			children = (
				162ED34822F21B69003D5E7A /* Base */,
			);
			name = LaunchScreen.storyboard;
			sourceTree = "<group>";
		};
/* End PBXVariantGroup section */

/* Begin XCBuildConfiguration section */
		162ED34B22F21B69003D5E7A /* Debug */ = {
			isa = XCBuildConfiguration;
			buildSettings = {
				ALWAYS_SEARCH_USER_PATHS = NO;
				CLANG_ANALYZER_NONNULL = YES;
				CLANG_ANALYZER_NUMBER_OBJECT_CONVERSION = YES_AGGRESSIVE;
				CLANG_CXX_LANGUAGE_STANDARD = "gnu++14";
				CLANG_CXX_LIBRARY = "libc++";
				CLANG_ENABLE_MODULES = YES;
				CLANG_ENABLE_OBJC_ARC = YES;
				CLANG_ENABLE_OBJC_WEAK = YES;
				CLANG_WARN_BLOCK_CAPTURE_AUTORELEASING = YES;
				CLANG_WARN_BOOL_CONVERSION = YES;
				CLANG_WARN_COMMA = YES;
				CLANG_WARN_CONSTANT_CONVERSION = YES;
				CLANG_WARN_DEPRECATED_OBJC_IMPLEMENTATIONS = YES;
				CLANG_WARN_DIRECT_OBJC_ISA_USAGE = YES_ERROR;
				CLANG_WARN_DOCUMENTATION_COMMENTS = YES;
				CLANG_WARN_EMPTY_BODY = YES;
				CLANG_WARN_ENUM_CONVERSION = YES;
				CLANG_WARN_INFINITE_RECURSION = YES;
				CLANG_WARN_INT_CONVERSION = YES;
				CLANG_WARN_NON_LITERAL_NULL_CONVERSION = YES;
				CLANG_WARN_OBJC_IMPLICIT_RETAIN_SELF = YES;
				CLANG_WARN_OBJC_LITERAL_CONVERSION = YES;
				CLANG_WARN_OBJC_ROOT_CLASS = YES_ERROR;
				CLANG_WARN_RANGE_LOOP_ANALYSIS = YES;
				CLANG_WARN_STRICT_PROTOTYPES = YES;
				CLANG_WARN_SUSPICIOUS_MOVE = YES;
				CLANG_WARN_UNGUARDED_AVAILABILITY = YES_AGGRESSIVE;
				CLANG_WARN_UNREACHABLE_CODE = YES;
				CLANG_WARN__DUPLICATE_METHOD_MATCH = YES;
				CODE_SIGN_IDENTITY = "iPhone Developer";
				COPY_PHASE_STRIP = NO;
				DEBUG_INFORMATION_FORMAT = dwarf;
				ENABLE_STRICT_OBJC_MSGSEND = YES;
				ENABLE_TESTABILITY = YES;
				GCC_C_LANGUAGE_STANDARD = gnu11;
				GCC_DYNAMIC_NO_PIC = NO;
				GCC_NO_COMMON_BLOCKS = YES;
				GCC_OPTIMIZATION_LEVEL = 0;
				GCC_PREPROCESSOR_DEFINITIONS = (
					"DEBUG=1",
					"$(inherited)",
				);
				GCC_WARN_64_TO_32_BIT_CONVERSION = YES;
				GCC_WARN_ABOUT_RETURN_TYPE = YES_ERROR;
				GCC_WARN_UNDECLARED_SELECTOR = YES;
				GCC_WARN_UNINITIALIZED_AUTOS = YES_AGGRESSIVE;
				GCC_WARN_UNUSED_FUNCTION = YES;
				GCC_WARN_UNUSED_VARIABLE = YES;
				IPHONEOS_DEPLOYMENT_TARGET = 12.4;
				MTL_ENABLE_DEBUG_INFO = INCLUDE_SOURCE;
				MTL_FAST_MATH = YES;
				ONLY_ACTIVE_ARCH = YES;
				SDKROOT = iphoneos;
				SWIFT_ACTIVE_COMPILATION_CONDITIONS = DEBUG;
				SWIFT_OPTIMIZATION_LEVEL = "-Onone";
			};
			name = Debug;
		};
		162ED34C22F21B69003D5E7A /* Release */ = {
			isa = XCBuildConfiguration;
			buildSettings = {
				ALWAYS_SEARCH_USER_PATHS = NO;
				CLANG_ANALYZER_NONNULL = YES;
				CLANG_ANALYZER_NUMBER_OBJECT_CONVERSION = YES_AGGRESSIVE;
				CLANG_CXX_LANGUAGE_STANDARD = "gnu++14";
				CLANG_CXX_LIBRARY = "libc++";
				CLANG_ENABLE_MODULES = YES;
				CLANG_ENABLE_OBJC_ARC = YES;
				CLANG_ENABLE_OBJC_WEAK = YES;
				CLANG_WARN_BLOCK_CAPTURE_AUTORELEASING = YES;
				CLANG_WARN_BOOL_CONVERSION = YES;
				CLANG_WARN_COMMA = YES;
				CLANG_WARN_CONSTANT_CONVERSION = YES;
				CLANG_WARN_DEPRECATED_OBJC_IMPLEMENTATIONS = YES;
				CLANG_WARN_DIRECT_OBJC_ISA_USAGE = YES_ERROR;
				CLANG_WARN_DOCUMENTATION_COMMENTS = YES;
				CLANG_WARN_EMPTY_BODY = YES;
				CLANG_WARN_ENUM_CONVERSION = YES;
				CLANG_WARN_INFINITE_RECURSION = YES;
				CLANG_WARN_INT_CONVERSION = YES;
				CLANG_WARN_NON_LITERAL_NULL_CONVERSION = YES;
				CLANG_WARN_OBJC_IMPLICIT_RETAIN_SELF = YES;
				CLANG_WARN_OBJC_LITERAL_CONVERSION = YES;
				CLANG_WARN_OBJC_ROOT_CLASS = YES_ERROR;
				CLANG_WARN_RANGE_LOOP_ANALYSIS = YES;
				CLANG_WARN_STRICT_PROTOTYPES = YES;
				CLANG_WARN_SUSPICIOUS_MOVE = YES;
				CLANG_WARN_UNGUARDED_AVAILABILITY = YES_AGGRESSIVE;
				CLANG_WARN_UNREACHABLE_CODE = YES;
				CLANG_WARN__DUPLICATE_METHOD_MATCH = YES;
				CODE_SIGN_IDENTITY = "iPhone Developer";
				COPY_PHASE_STRIP = NO;
				DEBUG_INFORMATION_FORMAT = "dwarf-with-dsym";
				ENABLE_NS_ASSERTIONS = NO;
				ENABLE_STRICT_OBJC_MSGSEND = YES;
				GCC_C_LANGUAGE_STANDARD = gnu11;
				GCC_NO_COMMON_BLOCKS = YES;
				GCC_WARN_64_TO_32_BIT_CONVERSION = YES;
				GCC_WARN_ABOUT_RETURN_TYPE = YES_ERROR;
				GCC_WARN_UNDECLARED_SELECTOR = YES;
				GCC_WARN_UNINITIALIZED_AUTOS = YES_AGGRESSIVE;
				GCC_WARN_UNUSED_FUNCTION = YES;
				GCC_WARN_UNUSED_VARIABLE = YES;
				IPHONEOS_DEPLOYMENT_TARGET = 12.4;
				MTL_ENABLE_DEBUG_INFO = NO;
				MTL_FAST_MATH = YES;
				SDKROOT = iphoneos;
				SWIFT_COMPILATION_MODE = wholemodule;
				SWIFT_OPTIMIZATION_LEVEL = "-O";
				VALIDATE_PRODUCT = YES;
			};
			name = Release;
		};
		162ED34E22F21B69003D5E7A /* Debug */ = {
			isa = XCBuildConfiguration;
			buildSettings = {
				ALWAYS_EMBED_SWIFT_STANDARD_LIBRARIES = YES;
				ASSETCATALOG_COMPILER_APPICON_NAME = AppIcon;
				CODE_SIGN_ENTITLEMENTS = Robot/Robot.entitlements;
				CODE_SIGN_STYLE = Automatic;
				DEVELOPMENT_TEAM = D5P256FUPS;
				INFOPLIST_FILE = Robot/Info.plist;
				LD_RUNPATH_SEARCH_PATHS = (
					"$(inherited)",
					"@executable_path/Frameworks",
				);
				PRODUCT_BUNDLE_IDENTIFIER = com.quangkhatran.Robot;
				PRODUCT_NAME = "$(TARGET_NAME)";
				SWIFT_VERSION = 5.0;
				TARGETED_DEVICE_FAMILY = "1,2";
			};
			name = Debug;
		};
		162ED34F22F21B69003D5E7A /* Release */ = {
			isa = XCBuildConfiguration;
			buildSettings = {
				ALWAYS_EMBED_SWIFT_STANDARD_LIBRARIES = YES;
				ASSETCATALOG_COMPILER_APPICON_NAME = AppIcon;
				CODE_SIGN_ENTITLEMENTS = Robot/Robot.entitlements;
				CODE_SIGN_STYLE = Automatic;
				DEVELOPMENT_TEAM = D5P256FUPS;
				INFOPLIST_FILE = Robot/Info.plist;
				LD_RUNPATH_SEARCH_PATHS = (
					"$(inherited)",
					"@executable_path/Frameworks",
				);
				PRODUCT_BUNDLE_IDENTIFIER = com.quangkhatran.Robot;
				PRODUCT_NAME = "$(TARGET_NAME)";
				SWIFT_VERSION = 5.0;
				TARGETED_DEVICE_FAMILY = "1,2";
			};
			name = Release;
		};
		162ED35D22F21C31003D5E7A /* Debug */ = {
			isa = XCBuildConfiguration;
			buildSettings = {
				CODE_SIGN_STYLE = Automatic;
				DEVELOPMENT_TEAM = D5P256FUPS;
				INFOPLIST_FILE = Listener/Info.plist;
				LD_RUNPATH_SEARCH_PATHS = (
					"$(inherited)",
					"@executable_path/Frameworks",
					"@executable_path/../../Frameworks",
				);
				PRODUCT_BUNDLE_IDENTIFIER = com.quangkhatran.Robot.Listener;
				PRODUCT_NAME = "$(TARGET_NAME)";
				SKIP_INSTALL = YES;
				SWIFT_VERSION = 5.0;
				TARGETED_DEVICE_FAMILY = "1,2";
			};
			name = Debug;
		};
		162ED35E22F21C31003D5E7A /* Release */ = {
			isa = XCBuildConfiguration;
			buildSettings = {
				CODE_SIGN_STYLE = Automatic;
				DEVELOPMENT_TEAM = D5P256FUPS;
				INFOPLIST_FILE = Listener/Info.plist;
				LD_RUNPATH_SEARCH_PATHS = (
					"$(inherited)",
					"@executable_path/Frameworks",
					"@executable_path/../../Frameworks",
				);
				PRODUCT_BUNDLE_IDENTIFIER = com.quangkhatran.Robot.Listener;
				PRODUCT_NAME = "$(TARGET_NAME)";
				SKIP_INSTALL = YES;
				SWIFT_VERSION = 5.0;
				TARGETED_DEVICE_FAMILY = "1,2";
			};
			name = Release;
		};
/* End XCBuildConfiguration section */

/* Begin XCConfigurationList section */
		162ED33622F21B69003D5E7A /* Build configuration list for PBXProject "Robot" */ = {
			isa = XCConfigurationList;
			buildConfigurations = (
				162ED34B22F21B69003D5E7A /* Debug */,
				162ED34C22F21B69003D5E7A /* Release */,
			);
			defaultConfigurationIsVisible = 0;
			defaultConfigurationName = Release;
		};
		162ED34D22F21B69003D5E7A /* Build configuration list for PBXNativeTarget "Robot" */ = {
			isa = XCConfigurationList;
			buildConfigurations = (
				162ED34E22F21B69003D5E7A /* Debug */,
				162ED34F22F21B69003D5E7A /* Release */,
			);
			defaultConfigurationIsVisible = 0;
			defaultConfigurationName = Release;
		};
		162ED35C22F21C31003D5E7A /* Build configuration list for PBXNativeTarget "Listener" */ = {
			isa = XCConfigurationList;
			buildConfigurations = (
				162ED35D22F21C31003D5E7A /* Debug */,
				162ED35E22F21C31003D5E7A /* Release */,
			);
			defaultConfigurationIsVisible = 0;
			defaultConfigurationName = Release;
		};
/* End XCConfigurationList section */
	};
	rootObject = 162ED33322F21B69003D5E7A /* Project object */;
}
