// !$*UTF8*$!
{
	archiveVersion = 1;
	classes = {
	};
	objectVersion = 50;
	objects = {

/* Begin PBXBuildFile section */
		1609136522E9B42F00AA3008 /* AppDelegate.swift in Sources */ = {isa = PBXBuildFile; fileRef = 1609136422E9B42F00AA3008 /* AppDelegate.swift */; };
		1609136722E9B42F00AA3008 /* LogInViewController.swift in Sources */ = {isa = PBXBuildFile; fileRef = 1609136622E9B42F00AA3008 /* LogInViewController.swift */; };
		1609136A22E9B42F00AA3008 /* Main.storyboard in Resources */ = {isa = PBXBuildFile; fileRef = 1609136822E9B42F00AA3008 /* Main.storyboard */; };
		1609136C22E9B43000AA3008 /* Assets.xcassets in Resources */ = {isa = PBXBuildFile; fileRef = 1609136B22E9B43000AA3008 /* Assets.xcassets */; };
		1609136F22E9B43000AA3008 /* LaunchScreen.storyboard in Resources */ = {isa = PBXBuildFile; fileRef = 1609136D22E9B43000AA3008 /* LaunchScreen.storyboard */; };
		1609137722E9B5B600AA3008 /* GoogleService-Info.plist in Resources */ = {isa = PBXBuildFile; fileRef = 1609137622E9B5B600AA3008 /* GoogleService-Info.plist */; };
		1609137922E9C13200AA3008 /* SnapsTableViewController.swift in Sources */ = {isa = PBXBuildFile; fileRef = 1609137822E9C13200AA3008 /* SnapsTableViewController.swift */; };
		161B162922EA99B500F2FA45 /* ViewSnapViewController.swift in Sources */ = {isa = PBXBuildFile; fileRef = 161B162822EA99B500F2FA45 /* ViewSnapViewController.swift */; };
		1629C32522EA77DC008CDE09 /* SelectRecipientTableViewController.swift in Sources */ = {isa = PBXBuildFile; fileRef = 1629C32422EA77DC008CDE09 /* SelectRecipientTableViewController.swift */; };
		162A7A1322EA09C5002366E7 /* SelectPictureViewController.swift in Sources */ = {isa = PBXBuildFile; fileRef = 162A7A1222EA09C5002366E7 /* SelectPictureViewController.swift */; };
		902D618EAED87ADDF63192AA /* Pods_SnapClone.framework in Frameworks */ = {isa = PBXBuildFile; fileRef = 25B939E09810708C51E98FE1 /* Pods_SnapClone.framework */; };
/* End PBXBuildFile section */

/* Begin PBXFileReference section */
		0CC229E1510940197390FF4F /* Pods-SnapClone.release.xcconfig */ = {isa = PBXFileReference; includeInIndex = 1; lastKnownFileType = text.xcconfig; name = "Pods-SnapClone.release.xcconfig"; path = "Pods/Target Support Files/Pods-SnapClone/Pods-SnapClone.release.xcconfig"; sourceTree = "<group>"; };
		1609136122E9B42F00AA3008 /* SnapClone.app */ = {isa = PBXFileReference; explicitFileType = wrapper.application; includeInIndex = 0; path = SnapClone.app; sourceTree = BUILT_PRODUCTS_DIR; };
		1609136422E9B42F00AA3008 /* AppDelegate.swift */ = {isa = PBXFileReference; lastKnownFileType = sourcecode.swift; path = AppDelegate.swift; sourceTree = "<group>"; };
		1609136622E9B42F00AA3008 /* LogInViewController.swift */ = {isa = PBXFileReference; lastKnownFileType = sourcecode.swift; path = LogInViewController.swift; sourceTree = "<group>"; };
		1609136922E9B42F00AA3008 /* Base */ = {isa = PBXFileReference; lastKnownFileType = file.storyboard; name = Base; path = Base.lproj/Main.storyboard; sourceTree = "<group>"; };
		1609136B22E9B43000AA3008 /* Assets.xcassets */ = {isa = PBXFileReference; lastKnownFileType = folder.assetcatalog; path = Assets.xcassets; sourceTree = "<group>"; };
		1609136E22E9B43000AA3008 /* Base */ = {isa = PBXFileReference; lastKnownFileType = file.storyboard; name = Base; path = Base.lproj/LaunchScreen.storyboard; sourceTree = "<group>"; };
		1609137022E9B43000AA3008 /* Info.plist */ = {isa = PBXFileReference; lastKnownFileType = text.plist.xml; path = Info.plist; sourceTree = "<group>"; };
		1609137622E9B5B600AA3008 /* GoogleService-Info.plist */ = {isa = PBXFileReference; fileEncoding = 4; lastKnownFileType = text.plist.xml; path = "GoogleService-Info.plist"; sourceTree = "<group>"; };
		1609137822E9C13200AA3008 /* SnapsTableViewController.swift */ = {isa = PBXFileReference; lastKnownFileType = sourcecode.swift; path = SnapsTableViewController.swift; sourceTree = "<group>"; };
		161B162822EA99B500F2FA45 /* ViewSnapViewController.swift */ = {isa = PBXFileReference; lastKnownFileType = sourcecode.swift; path = ViewSnapViewController.swift; sourceTree = "<group>"; };
		1629C32422EA77DC008CDE09 /* SelectRecipientTableViewController.swift */ = {isa = PBXFileReference; lastKnownFileType = sourcecode.swift; path = SelectRecipientTableViewController.swift; sourceTree = "<group>"; };
		162A7A1222EA09C5002366E7 /* SelectPictureViewController.swift */ = {isa = PBXFileReference; lastKnownFileType = sourcecode.swift; path = SelectPictureViewController.swift; sourceTree = "<group>"; };
		25B939E09810708C51E98FE1 /* Pods_SnapClone.framework */ = {isa = PBXFileReference; explicitFileType = wrapper.framework; includeInIndex = 0; path = Pods_SnapClone.framework; sourceTree = BUILT_PRODUCTS_DIR; };
		B570E53A0AD5B1A125A95DED /* Pods-SnapClone.debug.xcconfig */ = {isa = PBXFileReference; includeInIndex = 1; lastKnownFileType = text.xcconfig; name = "Pods-SnapClone.debug.xcconfig"; path = "Pods/Target Support Files/Pods-SnapClone/Pods-SnapClone.debug.xcconfig"; sourceTree = "<group>"; };
/* End PBXFileReference section */

/* Begin PBXFrameworksBuildPhase section */
		1609135E22E9B42F00AA3008 /* Frameworks */ = {
			isa = PBXFrameworksBuildPhase;
			buildActionMask = 2147483647;
			files = (
				902D618EAED87ADDF63192AA /* Pods_SnapClone.framework in Frameworks */,
			);
			runOnlyForDeploymentPostprocessing = 0;
		};
/* End PBXFrameworksBuildPhase section */

/* Begin PBXGroup section */
		1609135822E9B42F00AA3008 = {
			isa = PBXGroup;
			children = (
				1609136322E9B42F00AA3008 /* SnapClone */,
				1609136222E9B42F00AA3008 /* Products */,
				290E7E7193784C49A3D71168 /* Pods */,
				C900A2A2D37F574688CD0C80 /* Frameworks */,
			);
			sourceTree = "<group>";
		};
		1609136222E9B42F00AA3008 /* Products */ = {
			isa = PBXGroup;
			children = (
				1609136122E9B42F00AA3008 /* SnapClone.app */,
			);
			name = Products;
			sourceTree = "<group>";
		};
		1609136322E9B42F00AA3008 /* SnapClone */ = {
			isa = PBXGroup;
			children = (
				1609136422E9B42F00AA3008 /* AppDelegate.swift */,
				1609136622E9B42F00AA3008 /* LogInViewController.swift */,
				1609136822E9B42F00AA3008 /* Main.storyboard */,
				161B162822EA99B500F2FA45 /* ViewSnapViewController.swift */,
				162A7A1222EA09C5002366E7 /* SelectPictureViewController.swift */,
				1629C32422EA77DC008CDE09 /* SelectRecipientTableViewController.swift */,
				1609137822E9C13200AA3008 /* SnapsTableViewController.swift */,
				1609137622E9B5B600AA3008 /* GoogleService-Info.plist */,
				1609136B22E9B43000AA3008 /* Assets.xcassets */,
				1609136D22E9B43000AA3008 /* LaunchScreen.storyboard */,
				1609137022E9B43000AA3008 /* Info.plist */,
			);
			path = SnapClone;
			sourceTree = "<group>";
		};
		290E7E7193784C49A3D71168 /* Pods */ = {
			isa = PBXGroup;
			children = (
				B570E53A0AD5B1A125A95DED /* Pods-SnapClone.debug.xcconfig */,
				0CC229E1510940197390FF4F /* Pods-SnapClone.release.xcconfig */,
			);
			name = Pods;
			sourceTree = "<group>";
		};
		C900A2A2D37F574688CD0C80 /* Frameworks */ = {
			isa = PBXGroup;
			children = (
				25B939E09810708C51E98FE1 /* Pods_SnapClone.framework */,
			);
			name = Frameworks;
			sourceTree = "<group>";
		};
/* End PBXGroup section */

/* Begin PBXNativeTarget section */
		1609136022E9B42F00AA3008 /* SnapClone */ = {
			isa = PBXNativeTarget;
			buildConfigurationList = 1609137322E9B43000AA3008 /* Build configuration list for PBXNativeTarget "SnapClone" */;
			buildPhases = (
				A902B2E838A4726D4D5235CC /* [CP] Check Pods Manifest.lock */,
				1609135D22E9B42F00AA3008 /* Sources */,
				1609135E22E9B42F00AA3008 /* Frameworks */,
				1609135F22E9B42F00AA3008 /* Resources */,
				79D2342C26043BA7CEAA5129 /* [CP] Embed Pods Frameworks */,
			);
			buildRules = (
			);
			dependencies = (
			);
			name = SnapClone;
			productName = SnapClone;
			productReference = 1609136122E9B42F00AA3008 /* SnapClone.app */;
			productType = "com.apple.product-type.application";
		};
/* End PBXNativeTarget section */

/* Begin PBXProject section */
		1609135922E9B42F00AA3008 /* Project object */ = {
			isa = PBXProject;
			attributes = {
				LastSwiftUpdateCheck = 1030;
				LastUpgradeCheck = 1030;
				ORGANIZATIONNAME = "Quang Kha Tran";
				TargetAttributes = {
					1609136022E9B42F00AA3008 = {
						CreatedOnToolsVersion = 10.3;
					};
				};
			};
			buildConfigurationList = 1609135C22E9B42F00AA3008 /* Build configuration list for PBXProject "SnapClone" */;
			compatibilityVersion = "Xcode 9.3";
			developmentRegion = en;
			hasScannedForEncodings = 0;
			knownRegions = (
				en,
				Base,
			);
			mainGroup = 1609135822E9B42F00AA3008;
			productRefGroup = 1609136222E9B42F00AA3008 /* Products */;
			projectDirPath = "";
			projectRoot = "";
			targets = (
				1609136022E9B42F00AA3008 /* SnapClone */,
			);
		};
/* End PBXProject section */

/* Begin PBXResourcesBuildPhase section */
		1609135F22E9B42F00AA3008 /* Resources */ = {
			isa = PBXResourcesBuildPhase;
			buildActionMask = 2147483647;
			files = (
				1609136F22E9B43000AA3008 /* LaunchScreen.storyboard in Resources */,
				1609137722E9B5B600AA3008 /* GoogleService-Info.plist in Resources */,
				1609136C22E9B43000AA3008 /* Assets.xcassets in Resources */,
				1609136A22E9B42F00AA3008 /* Main.storyboard in Resources */,
			);
			runOnlyForDeploymentPostprocessing = 0;
		};
/* End PBXResourcesBuildPhase section */

/* Begin PBXShellScriptBuildPhase section */
		79D2342C26043BA7CEAA5129 /* [CP] Embed Pods Frameworks */ = {
			isa = PBXShellScriptBuildPhase;
			buildActionMask = 2147483647;
			files = (
			);
			inputPaths = (
				"${SRCROOT}/Pods/Target Support Files/Pods-SnapClone/Pods-SnapClone-frameworks.sh",
				"${BUILT_PRODUCTS_DIR}/GTMSessionFetcher/GTMSessionFetcher.framework",
				"${BUILT_PRODUCTS_DIR}/GoogleToolboxForMac/GoogleToolboxForMac.framework",
				"${BUILT_PRODUCTS_DIR}/SDWebImage/SDWebImage.framework",
			);
			name = "[CP] Embed Pods Frameworks";
			outputPaths = (
				"${TARGET_BUILD_DIR}/${FRAMEWORKS_FOLDER_PATH}/GTMSessionFetcher.framework",
				"${TARGET_BUILD_DIR}/${FRAMEWORKS_FOLDER_PATH}/GoogleToolboxForMac.framework",
				"${TARGET_BUILD_DIR}/${FRAMEWORKS_FOLDER_PATH}/SDWebImage.framework",
			);
			runOnlyForDeploymentPostprocessing = 0;
			shellPath = /bin/sh;
			shellScript = "\"${SRCROOT}/Pods/Target Support Files/Pods-SnapClone/Pods-SnapClone-frameworks.sh\"\n";
			showEnvVarsInLog = 0;
		};
		A902B2E838A4726D4D5235CC /* [CP] Check Pods Manifest.lock */ = {
			isa = PBXShellScriptBuildPhase;
			buildActionMask = 2147483647;
			files = (
			);
			inputPaths = (
				"${PODS_PODFILE_DIR_PATH}/Podfile.lock",
				"${PODS_ROOT}/Manifest.lock",
			);
			name = "[CP] Check Pods Manifest.lock";
			outputPaths = (
				"$(DERIVED_FILE_DIR)/Pods-SnapClone-checkManifestLockResult.txt",
			);
			runOnlyForDeploymentPostprocessing = 0;
			shellPath = /bin/sh;
			shellScript = "diff \"${PODS_PODFILE_DIR_PATH}/Podfile.lock\" \"${PODS_ROOT}/Manifest.lock\" > /dev/null\nif [ $? != 0 ] ; then\n    # print error to STDERR\n    echo \"error: The sandbox is not in sync with the Podfile.lock. Run 'pod install' or update your CocoaPods installation.\" >&2\n    exit 1\nfi\n# This output is used by Xcode 'outputs' to avoid re-running this script phase.\necho \"SUCCESS\" > \"${SCRIPT_OUTPUT_FILE_0}\"\n";
			showEnvVarsInLog = 0;
		};
/* End PBXShellScriptBuildPhase section */

/* Begin PBXSourcesBuildPhase section */
		1609135D22E9B42F00AA3008 /* Sources */ = {
			isa = PBXSourcesBuildPhase;
			buildActionMask = 2147483647;
			files = (
				1609137922E9C13200AA3008 /* SnapsTableViewController.swift in Sources */,
				161B162922EA99B500F2FA45 /* ViewSnapViewController.swift in Sources */,
				162A7A1322EA09C5002366E7 /* SelectPictureViewController.swift in Sources */,
				1629C32522EA77DC008CDE09 /* SelectRecipientTableViewController.swift in Sources */,
				1609136722E9B42F00AA3008 /* LogInViewController.swift in Sources */,
				1609136522E9B42F00AA3008 /* AppDelegate.swift in Sources */,
			);
			runOnlyForDeploymentPostprocessing = 0;
		};
/* End PBXSourcesBuildPhase section */

/* Begin PBXVariantGroup section */
		1609136822E9B42F00AA3008 /* Main.storyboard */ = {
			isa = PBXVariantGroup;
			children = (
				1609136922E9B42F00AA3008 /* Base */,
			);
			name = Main.storyboard;
			sourceTree = "<group>";
		};
		1609136D22E9B43000AA3008 /* LaunchScreen.storyboard */ = {
			isa = PBXVariantGroup;
			children = (
				1609136E22E9B43000AA3008 /* Base */,
			);
			name = LaunchScreen.storyboard;
			sourceTree = "<group>";
		};
/* End PBXVariantGroup section */

/* Begin XCBuildConfiguration section */
		1609137122E9B43000AA3008 /* Debug */ = {
			isa = XCBuildConfiguration;
			buildSettings = {
				ALWAYS_SEARCH_USER_PATHS = NO;
				CLANG_ANALYZER_NONNULL = YES;
				CLANG_ANALYZER_NUMBER_OBJECT_CONVERSION = YES_AGGRESSIVE;
				CLANG_CXX_LANGUAGE_STANDARD = "gnu++14";
				CLANG_CXX_LIBRARY = "libc++";
				CLANG_ENABLE_MODULES = YES;
				CLANG_ENABLE_OBJC_ARC = YES;
				CLANG_ENABLE_OBJC_WEAK = YES;
				CLANG_WARN_BLOCK_CAPTURE_AUTORELEASING = YES;
				CLANG_WARN_BOOL_CONVERSION = YES;
				CLANG_WARN_COMMA = YES;
				CLANG_WARN_CONSTANT_CONVERSION = YES;
				CLANG_WARN_DEPRECATED_OBJC_IMPLEMENTATIONS = YES;
				CLANG_WARN_DIRECT_OBJC_ISA_USAGE = YES_ERROR;
				CLANG_WARN_DOCUMENTATION_COMMENTS = YES;
				CLANG_WARN_EMPTY_BODY = YES;
				CLANG_WARN_ENUM_CONVERSION = YES;
				CLANG_WARN_INFINITE_RECURSION = YES;
				CLANG_WARN_INT_CONVERSION = YES;
				CLANG_WARN_NON_LITERAL_NULL_CONVERSION = YES;
				CLANG_WARN_OBJC_IMPLICIT_RETAIN_SELF = YES;
				CLANG_WARN_OBJC_LITERAL_CONVERSION = YES;
				CLANG_WARN_OBJC_ROOT_CLASS = YES_ERROR;
				CLANG_WARN_RANGE_LOOP_ANALYSIS = YES;
				CLANG_WARN_STRICT_PROTOTYPES = YES;
				CLANG_WARN_SUSPICIOUS_MOVE = YES;
				CLANG_WARN_UNGUARDED_AVAILABILITY = YES_AGGRESSIVE;
				CLANG_WARN_UNREACHABLE_CODE = YES;
				CLANG_WARN__DUPLICATE_METHOD_MATCH = YES;
				CODE_SIGN_IDENTITY = "iPhone Developer";
				COPY_PHASE_STRIP = NO;
				DEBUG_INFORMATION_FORMAT = dwarf;
				ENABLE_STRICT_OBJC_MSGSEND = YES;
				ENABLE_TESTABILITY = YES;
				GCC_C_LANGUAGE_STANDARD = gnu11;
				GCC_DYNAMIC_NO_PIC = NO;
				GCC_NO_COMMON_BLOCKS = YES;
				GCC_OPTIMIZATION_LEVEL = 0;
				GCC_PREPROCESSOR_DEFINITIONS = (
					"DEBUG=1",
					"$(inherited)",
				);
				GCC_WARN_64_TO_32_BIT_CONVERSION = YES;
				GCC_WARN_ABOUT_RETURN_TYPE = YES_ERROR;
				GCC_WARN_UNDECLARED_SELECTOR = YES;
				GCC_WARN_UNINITIALIZED_AUTOS = YES_AGGRESSIVE;
				GCC_WARN_UNUSED_FUNCTION = YES;
				GCC_WARN_UNUSED_VARIABLE = YES;
				IPHONEOS_DEPLOYMENT_TARGET = 12.4;
				MTL_ENABLE_DEBUG_INFO = INCLUDE_SOURCE;
				MTL_FAST_MATH = YES;
				ONLY_ACTIVE_ARCH = YES;
				SDKROOT = iphoneos;
				SWIFT_ACTIVE_COMPILATION_CONDITIONS = DEBUG;
				SWIFT_OPTIMIZATION_LEVEL = "-Onone";
			};
			name = Debug;
		};
		1609137222E9B43000AA3008 /* Release */ = {
			isa = XCBuildConfiguration;
			buildSettings = {
				ALWAYS_SEARCH_USER_PATHS = NO;
				CLANG_ANALYZER_NONNULL = YES;
				CLANG_ANALYZER_NUMBER_OBJECT_CONVERSION = YES_AGGRESSIVE;
				CLANG_CXX_LANGUAGE_STANDARD = "gnu++14";
				CLANG_CXX_LIBRARY = "libc++";
				CLANG_ENABLE_MODULES = YES;
				CLANG_ENABLE_OBJC_ARC = YES;
				CLANG_ENABLE_OBJC_WEAK = YES;
				CLANG_WARN_BLOCK_CAPTURE_AUTORELEASING = YES;
				CLANG_WARN_BOOL_CONVERSION = YES;
				CLANG_WARN_COMMA = YES;
				CLANG_WARN_CONSTANT_CONVERSION = YES;
				CLANG_WARN_DEPRECATED_OBJC_IMPLEMENTATIONS = YES;
				CLANG_WARN_DIRECT_OBJC_ISA_USAGE = YES_ERROR;
				CLANG_WARN_DOCUMENTATION_COMMENTS = YES;
				CLANG_WARN_EMPTY_BODY = YES;
				CLANG_WARN_ENUM_CONVERSION = YES;
				CLANG_WARN_INFINITE_RECURSION = YES;
				CLANG_WARN_INT_CONVERSION = YES;
				CLANG_WARN_NON_LITERAL_NULL_CONVERSION = YES;
				CLANG_WARN_OBJC_IMPLICIT_RETAIN_SELF = YES;
				CLANG_WARN_OBJC_LITERAL_CONVERSION = YES;
				CLANG_WARN_OBJC_ROOT_CLASS = YES_ERROR;
				CLANG_WARN_RANGE_LOOP_ANALYSIS = YES;
				CLANG_WARN_STRICT_PROTOTYPES = YES;
				CLANG_WARN_SUSPICIOUS_MOVE = YES;
				CLANG_WARN_UNGUARDED_AVAILABILITY = YES_AGGRESSIVE;
				CLANG_WARN_UNREACHABLE_CODE = YES;
				CLANG_WARN__DUPLICATE_METHOD_MATCH = YES;
				CODE_SIGN_IDENTITY = "iPhone Developer";
				COPY_PHASE_STRIP = NO;
				DEBUG_INFORMATION_FORMAT = "dwarf-with-dsym";
				ENABLE_NS_ASSERTIONS = NO;
				ENABLE_STRICT_OBJC_MSGSEND = YES;
				GCC_C_LANGUAGE_STANDARD = gnu11;
				GCC_NO_COMMON_BLOCKS = YES;
				GCC_WARN_64_TO_32_BIT_CONVERSION = YES;
				GCC_WARN_ABOUT_RETURN_TYPE = YES_ERROR;
				GCC_WARN_UNDECLARED_SELECTOR = YES;
				GCC_WARN_UNINITIALIZED_AUTOS = YES_AGGRESSIVE;
				GCC_WARN_UNUSED_FUNCTION = YES;
				GCC_WARN_UNUSED_VARIABLE = YES;
				IPHONEOS_DEPLOYMENT_TARGET = 12.4;
				MTL_ENABLE_DEBUG_INFO = NO;
				MTL_FAST_MATH = YES;
				SDKROOT = iphoneos;
				SWIFT_COMPILATION_MODE = wholemodule;
				SWIFT_OPTIMIZATION_LEVEL = "-O";
				VALIDATE_PRODUCT = YES;
			};
			name = Release;
		};
		1609137422E9B43000AA3008 /* Debug */ = {
			isa = XCBuildConfiguration;
			baseConfigurationReference = B570E53A0AD5B1A125A95DED /* Pods-SnapClone.debug.xcconfig */;
			buildSettings = {
				ASSETCATALOG_COMPILER_APPICON_NAME = AppIcon;
				CODE_SIGN_STYLE = Automatic;
				DEVELOPMENT_TEAM = D5P256FUPS;
				INFOPLIST_FILE = SnapClone/Info.plist;
				LD_RUNPATH_SEARCH_PATHS = (
					"$(inherited)",
					"@executable_path/Frameworks",
				);
				PRODUCT_BUNDLE_IDENTIFIER = com.quangkhatran.SnapClone;
				PRODUCT_NAME = "$(TARGET_NAME)";
				SWIFT_VERSION = 5.0;
				TARGETED_DEVICE_FAMILY = "1,2";
			};
			name = Debug;
		};
		1609137522E9B43000AA3008 /* Release */ = {
			isa = XCBuildConfiguration;
			baseConfigurationReference = 0CC229E1510940197390FF4F /* Pods-SnapClone.release.xcconfig */;
			buildSettings = {
				ASSETCATALOG_COMPILER_APPICON_NAME = AppIcon;
				CODE_SIGN_STYLE = Automatic;
				DEVELOPMENT_TEAM = D5P256FUPS;
				INFOPLIST_FILE = SnapClone/Info.plist;
				LD_RUNPATH_SEARCH_PATHS = (
					"$(inherited)",
					"@executable_path/Frameworks",
				);
				PRODUCT_BUNDLE_IDENTIFIER = com.quangkhatran.SnapClone;
				PRODUCT_NAME = "$(TARGET_NAME)";
				SWIFT_VERSION = 5.0;
				TARGETED_DEVICE_FAMILY = "1,2";
			};
			name = Release;
		};
/* End XCBuildConfiguration section */

/* Begin XCConfigurationList section */
		1609135C22E9B42F00AA3008 /* Build configuration list for PBXProject "SnapClone" */ = {
			isa = XCConfigurationList;
			buildConfigurations = (
				1609137122E9B43000AA3008 /* Debug */,
				1609137222E9B43000AA3008 /* Release */,
			);
			defaultConfigurationIsVisible = 0;
			defaultConfigurationName = Release;
		};
		1609137322E9B43000AA3008 /* Build configuration list for PBXNativeTarget "SnapClone" */ = {
			isa = XCConfigurationList;
			buildConfigurations = (
				1609137422E9B43000AA3008 /* Debug */,
				1609137522E9B43000AA3008 /* Release */,
			);
			defaultConfigurationIsVisible = 0;
			defaultConfigurationName = Release;
		};
/* End XCConfigurationList section */
	};
	rootObject = 1609135922E9B42F00AA3008 /* Project object */;
}
